{
  "name": "backend",
  "lockfileVersion": 3,
  "requires": true,
  "packages": {
    "": {
      "dependencies": {
        "@tanstack/react-query": "^5.82.0"
      }
    },
    "node_modules/@tanstack/query-core": {
      "version": "5.82.0",
      "resolved": "https://registry.npmjs.org/@tanstack/query-core/-/query-core-5.82.0.tgz",
      "integrity": "sha512-JrjoVuaajBQtnoWSg8iaPHaT4mW73lK2t+exxHNOSMqy0+13eKLqJgTKXKImLejQIfdAHQ6Un0njEhOvUtOd5w==",
      "funding": {
        "type": "github",
        "url": "https://github.com/sponsors/tannerlinsley"
      }
    },
    "node_modules/@tanstack/react-query": {
      "version": "5.82.0",
      "resolved": "https://registry.npmjs.org/@tanstack/react-query/-/react-query-5.82.0.tgz",
      "integrity": "sha512-mnk8/ofKEthFeMdhV1dV8YXRf+9HqvXAcciXkoo755d/ocfWq7N/Y9jGOzS3h7ZW9dDGwSIhs3/HANWUBsyqYg==",
      "dependencies": {
        "@tanstack/query-core": "5.82.0"
      },
      "funding": {
        "type": "github",
        "url": "https://github.com/sponsors/tannerlinsley"
      },
      "peerDependencies": {
        "react": "^18 || ^19"
      }
    },
    "node_modules/react": {
      "version": "19.1.0",
      "resolved": "https://registry.npmjs.org/react/-/react-19.1.0.tgz",
      "integrity": "sha512-FS+XFBNvn3GTAWq26joslQgWNoFu08F4kl0J4CgdNKADkdSGXQyTCnKteIAJy96Br6YbpEU1LSzV5dYtjMkMDg==",
      "peer": true,
      "engines": {
        "node": ">=0.10.0"
      }
    }
  }
}
